
Microsoft Visual Studio Solution File, Format Version 12.00
# Visual Studio 2013
VisualStudioVersion = 12.0.31101.0
MinimumVisualStudioVersion = 10.0.40219.1
Project("{FAE04EC0-301F-11D3-BF4B-00C04F79EFBC}") = "GitRMWebAPI", "GitRMWebAPI\GitRMWebAPI.csproj", "{7DC98E87-37D8-41BA-A0E4-20F6C07D2AFF}"
EndProject
Project("{FAE04EC0-301F-11D3-BF4B-00C04F79EFBC}") = "GitRMWebAPI.Tests", "GitRMWebAPI.Tests\GitRMWebAPI.Tests.csproj", "{C29619DE-D28F-411E-A6DC-207A2205F491}"
EndProject
Global
	GlobalSection(SolutionConfigurationPlatforms) = preSolution
		Debug|Any CPU = Debug|Any CPU
		Release|Any CPU = Release|Any CPU
	EndGlobalSection
	GlobalSection(ProjectConfigurationPlatforms) = postSolution
		{7DC98E87-37D8-41BA-A0E4-20F6C07D2AFF}.Debug|Any CPU.ActiveCfg = Debug|Any CPU
		{7DC98E87-37D8-41BA-A0E4-20F6C07D2AFF}.Debug|Any CPU.Build.0 = Debug|Any CPU
		{7DC98E87-37D8-41BA-A0E4-20F6C07D2AFF}.Release|Any CPU.ActiveCfg = Release|Any CPU
		{7DC98E87-37D8-41BA-A0E4-20F6C07D2AFF}.Release|Any CPU.Build.0 = Release|Any CPU
		{C29619DE-D28F-411E-A6DC-207A2205F491}.Debug|Any CPU.ActiveCfg = Debug|Any CPU
		{C29619DE-D28F-411E-A6DC-207A2205F491}.Debug|Any CPU.Build.0 = Debug|Any CPU
		{C29619DE-D28F-411E-A6DC-207A2205F491}.Release|Any CPU.ActiveCfg = Release|Any CPU
		{C29619DE-D28F-411E-A6DC-207A2205F491}.Release|Any CPU.Build.0 = Release|Any CPU
	EndGlobalSection
	GlobalSection(SolutionProperties) = preSolution
		HideSolutionNode = FALSE
	EndGlobalSection
EndGlobal
